
Microsoft Visual Studio Solution File, Format Version 12.00
# Visual Studio 2012
Project("{FAE04EC0-301F-11D3-BF4B-00C04F79EFBC}") = "SignalRSample", "SignalRSample\SignalRSample.csproj", "{097EDA8A-E02E-4DBC-A60F-E68FC7C21011}"
EndProject
Project("{FAE04EC0-301F-11D3-BF4B-00C04F79EFBC}") = "SignalRSample.Client", "SignalRSample.Console\SignalRSample.Client.csproj", "{BBA8FCC6-D71D-4269-9F9E-9BE8A57BD12C}"
EndProject
Global
	GlobalSection(SolutionConfigurationPlatforms) = preSolution
		Debug|Any CPU = Debug|Any CPU
		Release|Any CPU = Release|Any CPU
	EndGlobalSection
	GlobalSection(ProjectConfigurationPlatforms) = postSolution
		{097EDA8A-E02E-4DBC-A60F-E68FC7C21011}.Debug|Any CPU.ActiveCfg = Debug|Any CPU
		{097EDA8A-E02E-4DBC-A60F-E68FC7C21011}.Debug|Any CPU.Build.0 = Debug|Any CPU
		{097EDA8A-E02E-4DBC-A60F-E68FC7C21011}.Release|Any CPU.ActiveCfg = Release|Any CPU
		{097EDA8A-E02E-4DBC-A60F-E68FC7C21011}.Release|Any CPU.Build.0 = Release|Any CPU
		{BBA8FCC6-D71D-4269-9F9E-9BE8A57BD12C}.Debug|Any CPU.ActiveCfg = Debug|Any CPU
		{BBA8FCC6-D71D-4269-9F9E-9BE8A57BD12C}.Debug|Any CPU.Build.0 = Debug|Any CPU
		{BBA8FCC6-D71D-4269-9F9E-9BE8A57BD12C}.Release|Any CPU.ActiveCfg = Release|Any CPU
		{BBA8FCC6-D71D-4269-9F9E-9BE8A57BD12C}.Release|Any CPU.Build.0 = Release|Any CPU
	EndGlobalSection
	GlobalSection(SolutionProperties) = preSolution
		HideSolutionNode = FALSE
	EndGlobalSection
EndGlobal
